
Microsoft Visual Studio Solution File, Format Version 11.00
# Visual Studio 2010
Project("{FAE04EC0-301F-11D3-BF4B-00C04F79EFBC}") = "TicTacToeBase", "TicTacToeBase\TicTacToeBase.csproj", "{4EE115BB-C652-4FF3-A6BA-D2AA5AD5F3FB}"
EndProject
Project("{FAE04EC0-301F-11D3-BF4B-00C04F79EFBC}") = "TesteConsole", "TesteConsole\TesteConsole.csproj", "{5A4E816D-435F-49F3-ABEF-104A110FC393}"
EndProject
Global
	GlobalSection(SolutionConfigurationPlatforms) = preSolution
		Debug|Any CPU = Debug|Any CPU
		Debug|Mixed Platforms = Debug|Mixed Platforms
		Debug|x86 = Debug|x86
		Release|Any CPU = Release|Any CPU
		Release|Mixed Platforms = Release|Mixed Platforms
		Release|x86 = Release|x86
	EndGlobalSection
	GlobalSection(ProjectConfigurationPlatforms) = postSolution
		{4EE115BB-C652-4FF3-A6BA-D2AA5AD5F3FB}.Debug|Any CPU.ActiveCfg = Debug|Any CPU
		{4EE115BB-C652-4FF3-A6BA-D2AA5AD5F3FB}.Debug|Any CPU.Build.0 = Debug|Any CPU
		{4EE115BB-C652-4FF3-A6BA-D2AA5AD5F3FB}.Debug|Mixed Platforms.ActiveCfg = Debug|Any CPU
		{4EE115BB-C652-4FF3-A6BA-D2AA5AD5F3FB}.Debug|Mixed Platforms.Build.0 = Debug|Any CPU
		{4EE115BB-C652-4FF3-A6BA-D2AA5AD5F3FB}.Debug|x86.ActiveCfg = Debug|Any CPU
		{4EE115BB-C652-4FF3-A6BA-D2AA5AD5F3FB}.Release|Any CPU.ActiveCfg = Release|Any CPU
		{4EE115BB-C652-4FF3-A6BA-D2AA5AD5F3FB}.Release|Any CPU.Build.0 = Release|Any CPU
		{4EE115BB-C652-4FF3-A6BA-D2AA5AD5F3FB}.Release|Mixed Platforms.ActiveCfg = Release|Any CPU
		{4EE115BB-C652-4FF3-A6BA-D2AA5AD5F3FB}.Release|Mixed Platforms.Build.0 = Release|Any CPU
		{4EE115BB-C652-4FF3-A6BA-D2AA5AD5F3FB}.Release|x86.ActiveCfg = Release|Any CPU
		{5A4E816D-435F-49F3-ABEF-104A110FC393}.Debug|Any CPU.ActiveCfg = Debug|x86
		{5A4E816D-435F-49F3-ABEF-104A110FC393}.Debug|Mixed Platforms.ActiveCfg = Debug|x86
		{5A4E816D-435F-49F3-ABEF-104A110FC393}.Debug|Mixed Platforms.Build.0 = Debug|x86
		{5A4E816D-435F-49F3-ABEF-104A110FC393}.Debug|x86.ActiveCfg = Debug|x86
		{5A4E816D-435F-49F3-ABEF-104A110FC393}.Debug|x86.Build.0 = Debug|x86
		{5A4E816D-435F-49F3-ABEF-104A110FC393}.Release|Any CPU.ActiveCfg = Release|x86
		{5A4E816D-435F-49F3-ABEF-104A110FC393}.Release|Mixed Platforms.ActiveCfg = Release|x86
		{5A4E816D-435F-49F3-ABEF-104A110FC393}.Release|Mixed Platforms.Build.0 = Release|x86
		{5A4E816D-435F-49F3-ABEF-104A110FC393}.Release|x86.ActiveCfg = Release|x86
		{5A4E816D-435F-49F3-ABEF-104A110FC393}.Release|x86.Build.0 = Release|x86
	EndGlobalSection
	GlobalSection(SolutionProperties) = preSolution
		HideSolutionNode = FALSE
	EndGlobalSection
EndGlobal
